
Microsoft Visual Studio Solution File, Format Version 12.00
# Visual Studio Version 16
VisualStudioVersion = 16.0.30204.135
MinimumVisualStudioVersion = 10.0.40219.1
Project("{FAE04EC0-301F-11D3-BF4B-00C04F79EFBC}") = "cs_testWinForm", "cs_testWinForm\cs_testWinForm.csproj", "{182373D0-C6FF-47FE-8DA3-94B5BC2AEB29}"
EndProject
Global
	GlobalSection(SolutionConfigurationPlatforms) = preSolution
		Debug|Any CPU = Debug|Any CPU
		Release|Any CPU = Release|Any CPU
	EndGlobalSection
	GlobalSection(ProjectConfigurationPlatforms) = postSolution
		{182373D0-C6FF-47FE-8DA3-94B5BC2AEB29}.Debug|Any CPU.ActiveCfg = Debug|Any CPU
		{182373D0-C6FF-47FE-8DA3-94B5BC2AEB29}.Debug|Any CPU.Build.0 = Debug|Any CPU
		{182373D0-C6FF-47FE-8DA3-94B5BC2AEB29}.Release|Any CPU.ActiveCfg = Release|Any CPU
		{182373D0-C6FF-47FE-8DA3-94B5BC2AEB29}.Release|Any CPU.Build.0 = Release|Any CPU
	EndGlobalSection
	GlobalSection(SolutionProperties) = preSolution
		HideSolutionNode = FALSE
	EndGlobalSection
	GlobalSection(ExtensibilityGlobals) = postSolution
		SolutionGuid = {5D4693E4-4415-461D-BA79-303992A40E0E}
	EndGlobalSection
EndGlobal
